
Microsoft Visual Studio Solution File, Format Version 12.00
# Visual Studio Version 17
VisualStudioVersion = 17.9.34728.123
MinimumVisualStudioVersion = 10.0.40219.1
Project("{9A19103F-16F7-4668-BE54-9A1E7A4F7556}") = "MOOCAPI", "MOOCAPI\MOOCAPI.csproj", "{711CAB8C-81D3-4B11-88AA-14C860DACB90}"
EndProject
Project("{FAE04EC0-301F-11D3-BF4B-00C04F79EFBC}") = "MOOCSite", "MOOCSite\MOOCSite.csproj", "{53031911-9AA8-4622-8484-8CE8ADC33BB1}"
EndProject
Global
	GlobalSection(SolutionConfigurationPlatforms) = preSolution
		Debug|Any CPU = Debug|Any CPU
		Release|Any CPU = Release|Any CPU
	EndGlobalSection
	GlobalSection(ProjectConfigurationPlatforms) = postSolution
		{711CAB8C-81D3-4B11-88AA-14C860DACB90}.Debug|Any CPU.ActiveCfg = Debug|Any CPU
		{711CAB8C-81D3-4B11-88AA-14C860DACB90}.Debug|Any CPU.Build.0 = Debug|Any CPU
		{711CAB8C-81D3-4B11-88AA-14C860DACB90}.Release|Any CPU.ActiveCfg = Release|Any CPU
		{711CAB8C-81D3-4B11-88AA-14C860DACB90}.Release|Any CPU.Build.0 = Release|Any CPU
		{53031911-9AA8-4622-8484-8CE8ADC33BB1}.Debug|Any CPU.ActiveCfg = Debug|Any CPU
		{53031911-9AA8-4622-8484-8CE8ADC33BB1}.Debug|Any CPU.Build.0 = Debug|Any CPU
		{53031911-9AA8-4622-8484-8CE8ADC33BB1}.Release|Any CPU.ActiveCfg = Release|Any CPU
		{53031911-9AA8-4622-8484-8CE8ADC33BB1}.Release|Any CPU.Build.0 = Release|Any CPU
	EndGlobalSection
	GlobalSection(SolutionProperties) = preSolution
		HideSolutionNode = FALSE
	EndGlobalSection
	GlobalSection(ExtensibilityGlobals) = postSolution
		SolutionGuid = {0ECDA52B-234B-4C2F-B890-7D1DB6045101}
	EndGlobalSection
EndGlobal
